
Microsoft Visual Studio Solution File, Format Version 12.00
# Visual Studio Version 17
VisualStudioVersion = 17.14.36203.30
MinimumVisualStudioVersion = 10.0.40219.1
Project("{FAE04EC0-301F-11D3-BF4B-00C04F79EFBC}") = "VideoCropper", "VideoCropper\VideoCropper.csproj", "{4BE8E34B-3598-4B78-A580-0AED9CCD79AA}"
EndProject
Project("{D954291E-2A0B-460D-934E-DC6B0785DB48}") = "DraggerResizer", "DraggerResizerWinUI\DraggerResizer.shproj", "{26BA5B05-9F47-4FB6-873D-CA48909F653E}"
EndProject
Project("{D954291E-2A0B-460D-934E-DC6B0785DB48}") = "VideoCropperPage", "VideoCropperPageWinUI\VideoCropperPage.shproj", "{B939521D-3D99-4A7F-8FF5-1472EA1A0B49}"
EndProject
Project("{D954291E-2A0B-460D-934E-DC6B0785DB48}") = "Timeline", "TimelineWinUI\Timeline.shproj", "{8A87FF88-D9FA-499F-971F-6A8B191EB7C5}"
EndProject
Project("{D954291E-2A0B-460D-934E-DC6B0785DB48}") = "WinUIShared", "WinUIShared\WinUIShared.shproj", "{EAEDEDF3-CC91-4D2B-8476-35DD81F8D00A}"
EndProject
Global
	GlobalSection(SolutionConfigurationPlatforms) = preSolution
		Debug|ARM64 = Debug|ARM64
		Debug|x64 = Debug|x64
		Debug|x86 = Debug|x86
		Release|ARM64 = Release|ARM64
		Release|x64 = Release|x64
		Release|x86 = Release|x86
	EndGlobalSection
	GlobalSection(ProjectConfigurationPlatforms) = postSolution
		{4BE8E34B-3598-4B78-A580-0AED9CCD79AA}.Debug|ARM64.ActiveCfg = Debug|ARM64
		{4BE8E34B-3598-4B78-A580-0AED9CCD79AA}.Debug|ARM64.Build.0 = Debug|ARM64
		{4BE8E34B-3598-4B78-A580-0AED9CCD79AA}.Debug|ARM64.Deploy.0 = Debug|ARM64
		{4BE8E34B-3598-4B78-A580-0AED9CCD79AA}.Debug|x64.ActiveCfg = Debug|x64
		{4BE8E34B-3598-4B78-A580-0AED9CCD79AA}.Debug|x64.Build.0 = Debug|x64
		{4BE8E34B-3598-4B78-A580-0AED9CCD79AA}.Debug|x64.Deploy.0 = Debug|x64
		{4BE8E34B-3598-4B78-A580-0AED9CCD79AA}.Debug|x86.ActiveCfg = Debug|x86
		{4BE8E34B-3598-4B78-A580-0AED9CCD79AA}.Debug|x86.Build.0 = Debug|x86
		{4BE8E34B-3598-4B78-A580-0AED9CCD79AA}.Debug|x86.Deploy.0 = Debug|x86
		{4BE8E34B-3598-4B78-A580-0AED9CCD79AA}.Release|ARM64.ActiveCfg = Release|ARM64
		{4BE8E34B-3598-4B78-A580-0AED9CCD79AA}.Release|ARM64.Build.0 = Release|ARM64
		{4BE8E34B-3598-4B78-A580-0AED9CCD79AA}.Release|ARM64.Deploy.0 = Release|ARM64
		{4BE8E34B-3598-4B78-A580-0AED9CCD79AA}.Release|x64.ActiveCfg = Release|x64
		{4BE8E34B-3598-4B78-A580-0AED9CCD79AA}.Release|x64.Build.0 = Release|x64
		{4BE8E34B-3598-4B78-A580-0AED9CCD79AA}.Release|x64.Deploy.0 = Release|x64
		{4BE8E34B-3598-4B78-A580-0AED9CCD79AA}.Release|x86.ActiveCfg = Release|x86
		{4BE8E34B-3598-4B78-A580-0AED9CCD79AA}.Release|x86.Build.0 = Release|x86
		{4BE8E34B-3598-4B78-A580-0AED9CCD79AA}.Release|x86.Deploy.0 = Release|x86
	EndGlobalSection
	GlobalSection(SolutionProperties) = preSolution
		HideSolutionNode = FALSE
	EndGlobalSection
	GlobalSection(ExtensibilityGlobals) = postSolution
		SolutionGuid = {D6ACA061-C6E7-4483-8BF1-6330BF0F9FAC}
	EndGlobalSection
	GlobalSection(SharedMSBuildProjectFiles) = preSolution
		DraggerResizerWinUI\DraggerResizer.projitems*{26ba5b05-9f47-4fb6-873d-ca48909f653e}*SharedItemsImports = 13
		DraggerResizerWinUI\DraggerResizer.projitems*{4be8e34b-3598-4b78-a580-0aed9ccd79aa}*SharedItemsImports = 5
		TimelineWinUI\Timeline.projitems*{4be8e34b-3598-4b78-a580-0aed9ccd79aa}*SharedItemsImports = 5
		VideoCropperPageWinUI\VideoCropperPage.projitems*{4be8e34b-3598-4b78-a580-0aed9ccd79aa}*SharedItemsImports = 5
		WinUIShared\WinUIShared.projitems*{4be8e34b-3598-4b78-a580-0aed9ccd79aa}*SharedItemsImports = 5
		TimelineWinUI\Timeline.projitems*{8a87ff88-d9fa-499f-971f-6a8b191eb7c5}*SharedItemsImports = 13
		VideoCropperPageWinUI\VideoCropperPage.projitems*{b939521d-3d99-4a7f-8ff5-1472ea1a0b49}*SharedItemsImports = 13
		WinUIShared\WinUIShared.projitems*{eaededf3-cc91-4d2b-8476-35dd81f8d00a}*SharedItemsImports = 13
	EndGlobalSection
EndGlobal
